
Microsoft Visual Studio Solution File, Format Version 12.00
# Visual Studio Version 17
VisualStudioVersion = 17.14.36310.24 d17.14
MinimumVisualStudioVersion = 10.0.40219.1
Project("{FAE04EC0-301F-11D3-BF4B-00C04F79EFBC}") = "MasterPageLearn", "MasterPageLearn\MasterPageLearn.csproj", "{782C1CC8-4225-4606-B75D-D1C30571E712}"
EndProject
Global
	GlobalSection(SolutionConfigurationPlatforms) = preSolution
		Debug|Any CPU = Debug|Any CPU
		Release|Any CPU = Release|Any CPU
	EndGlobalSection
	GlobalSection(ProjectConfigurationPlatforms) = postSolution
		{782C1CC8-4225-4606-B75D-D1C30571E712}.Debug|Any CPU.ActiveCfg = Debug|Any CPU
		{782C1CC8-4225-4606-B75D-D1C30571E712}.Debug|Any CPU.Build.0 = Debug|Any CPU
		{782C1CC8-4225-4606-B75D-D1C30571E712}.Release|Any CPU.ActiveCfg = Release|Any CPU
		{782C1CC8-4225-4606-B75D-D1C30571E712}.Release|Any CPU.Build.0 = Release|Any CPU
	EndGlobalSection
	GlobalSection(SolutionProperties) = preSolution
		HideSolutionNode = FALSE
	EndGlobalSection
	GlobalSection(ExtensibilityGlobals) = postSolution
		SolutionGuid = {E3727D0A-0B00-474C-86B0-94E8EC53C91C}
	EndGlobalSection
EndGlobal
