
Microsoft Visual Studio Solution File, Format Version 12.00
# Visual Studio Version 17
VisualStudioVersion = 17.14.36310.24 d17.14
MinimumVisualStudioVersion = 10.0.40219.1
Project("{FAE04EC0-301F-11D3-BF4B-00C04F79EFBC}") = "CalculatorLab1", "CalculatorLab1\CalculatorLab1.csproj", "{F403AD61-CB8D-47B0-8C71-D1262687C7FF}"
EndProject
Global
	GlobalSection(SolutionConfigurationPlatforms) = preSolution
		Debug|Any CPU = Debug|Any CPU
		Release|Any CPU = Release|Any CPU
	EndGlobalSection
	GlobalSection(ProjectConfigurationPlatforms) = postSolution
		{F403AD61-CB8D-47B0-8C71-D1262687C7FF}.Debug|Any CPU.ActiveCfg = Debug|Any CPU
		{F403AD61-CB8D-47B0-8C71-D1262687C7FF}.Debug|Any CPU.Build.0 = Debug|Any CPU
		{F403AD61-CB8D-47B0-8C71-D1262687C7FF}.Release|Any CPU.ActiveCfg = Release|Any CPU
		{F403AD61-CB8D-47B0-8C71-D1262687C7FF}.Release|Any CPU.Build.0 = Release|Any CPU
	EndGlobalSection
	GlobalSection(SolutionProperties) = preSolution
		HideSolutionNode = FALSE
	EndGlobalSection
	GlobalSection(ExtensibilityGlobals) = postSolution
		SolutionGuid = {C3CA7FEA-254D-4037-9266-A08EBAC092B4}
	EndGlobalSection
EndGlobal
