
Microsoft Visual Studio Solution File, Format Version 12.00
# Visual Studio Version 17
VisualStudioVersion = 17.14.36221.1 d17.14
MinimumVisualStudioVersion = 10.0.40219.1
Project("{FAE04EC0-301F-11D3-BF4B-00C04F79EFBC}") = "WebApplication1", "WebApplication1\WebApplication1.csproj", "{92452DDD-B2AD-4ACE-A91E-2C4B509F623B}"
EndProject
Global
	GlobalSection(SolutionConfigurationPlatforms) = preSolution
		Debug|Any CPU = Debug|Any CPU
		Release|Any CPU = Release|Any CPU
	EndGlobalSection
	GlobalSection(ProjectConfigurationPlatforms) = postSolution
		{92452DDD-B2AD-4ACE-A91E-2C4B509F623B}.Debug|Any CPU.ActiveCfg = Debug|Any CPU
		{92452DDD-B2AD-4ACE-A91E-2C4B509F623B}.Debug|Any CPU.Build.0 = Debug|Any CPU
		{92452DDD-B2AD-4ACE-A91E-2C4B509F623B}.Release|Any CPU.ActiveCfg = Release|Any CPU
		{92452DDD-B2AD-4ACE-A91E-2C4B509F623B}.Release|Any CPU.Build.0 = Release|Any CPU
	EndGlobalSection
	GlobalSection(SolutionProperties) = preSolution
		HideSolutionNode = FALSE
	EndGlobalSection
	GlobalSection(ExtensibilityGlobals) = postSolution
		SolutionGuid = {734DE42B-9080-4CA3-82A7-060F3A825019}
	EndGlobalSection
EndGlobal
