
Microsoft Visual Studio Solution File, Format Version 12.00
# Visual Studio Version 17
VisualStudioVersion = 17.14.36221.1 d17.14
MinimumVisualStudioVersion = 10.0.40219.1
Project("{FAE04EC0-301F-11D3-BF4B-00C04F79EFBC}") = "CalaenderLab3", "CalaenderLab3\CalaenderLab3.csproj", "{AB9BCD8C-9FF8-4299-BAE0-672C947F0105}"
EndProject
Global
	GlobalSection(SolutionConfigurationPlatforms) = preSolution
		Debug|Any CPU = Debug|Any CPU
		Release|Any CPU = Release|Any CPU
	EndGlobalSection
	GlobalSection(ProjectConfigurationPlatforms) = postSolution
		{AB9BCD8C-9FF8-4299-BAE0-672C947F0105}.Debug|Any CPU.ActiveCfg = Debug|Any CPU
		{AB9BCD8C-9FF8-4299-BAE0-672C947F0105}.Debug|Any CPU.Build.0 = Debug|Any CPU
		{AB9BCD8C-9FF8-4299-BAE0-672C947F0105}.Release|Any CPU.ActiveCfg = Release|Any CPU
		{AB9BCD8C-9FF8-4299-BAE0-672C947F0105}.Release|Any CPU.Build.0 = Release|Any CPU
	EndGlobalSection
	GlobalSection(SolutionProperties) = preSolution
		HideSolutionNode = FALSE
	EndGlobalSection
	GlobalSection(ExtensibilityGlobals) = postSolution
		SolutionGuid = {F0768594-C247-4DA5-812A-437641B4CE7E}
	EndGlobalSection
EndGlobal
